
Microsoft Visual Studio Solution File, Format Version 12.00
# Visual Studio Version 16
VisualStudioVersion = 16.0.30804.86
MinimumVisualStudioVersion = 10.0.40219.1
Project("{FAE04EC0-301F-11D3-BF4B-00C04F79EFBC}") = "lab_001", "lab_001\lab_001.csproj", "{81AA57C2-4DDD-4525-A73C-35CC7693D402}"
EndProject
Project("{FAE04EC0-301F-11D3-BF4B-00C04F79EFBC}") = "lab_002", "lab_002\lab_002.csproj", "{99930985-C8DE-4791-86CC-A256E4999CF1}"
EndProject
Project("{FAE04EC0-301F-11D3-BF4B-00C04F79EFBC}") = "lab_003", "lab_003\lab_003.csproj", "{0AB1D4C8-C112-474A-AED1-834B7A6F8035}"
EndProject
Project("{FAE04EC0-301F-11D3-BF4B-00C04F79EFBC}") = "lab_004", "lab_004\lab_004.csproj", "{61CF429D-14E1-4CD0-8E7F-11D8ECB2CE5B}"
EndProject
Project("{FAE04EC0-301F-11D3-BF4B-00C04F79EFBC}") = "lab_005", "lab_005\lab_005.csproj", "{1D86793F-EA85-457F-B327-EA9D07ED6AAA}"
EndProject
Project("{FAE04EC0-301F-11D3-BF4B-00C04F79EFBC}") = "lab_006", "lab_006\lab_006.csproj", "{F7463099-C7A8-4FC2-82C2-3B94F38BB848}"
EndProject
Project("{FAE04EC0-301F-11D3-BF4B-00C04F79EFBC}") = "lab_007", "lab_007\lab_007.csproj", "{3699B702-E6A2-4440-99A5-B91A266CE210}"
EndProject
Project("{FAE04EC0-301F-11D3-BF4B-00C04F79EFBC}") = "lab_008", "lab_008\lab_008.csproj", "{624C46F2-60C3-4BF7-A08E-3CD87D5BF5AD}"
EndProject
Project("{FAE04EC0-301F-11D3-BF4B-00C04F79EFBC}") = "lab_009", "lab_009\lab_009.csproj", "{2E8EDA8D-5FB8-4705-9D8A-8727A15C86B4}"
EndProject
Project("{FAE04EC0-301F-11D3-BF4B-00C04F79EFBC}") = "lab_010", "lab_010\lab_010.csproj", "{DCEDD52E-8E61-4C64-BB48-D5968B528B9B}"
EndProject
Project("{FAE04EC0-301F-11D3-BF4B-00C04F79EFBC}") = "lab_011", "lab_011\lab_011.csproj", "{9BD34976-8534-40A2-BF55-5695BD54CD7E}"
EndProject
Project("{FAE04EC0-301F-11D3-BF4B-00C04F79EFBC}") = "lab_012", "lab_012\lab_012.csproj", "{0F2A5864-E38A-4B00-8387-06CB732D575B}"
EndProject
Project("{FAE04EC0-301F-11D3-BF4B-00C04F79EFBC}") = "lab_013", "lab_013\lab_013.csproj", "{E0663D4D-6A93-4E87-ACD0-6AEB28ED49CD}"
EndProject
Project("{FAE04EC0-301F-11D3-BF4B-00C04F79EFBC}") = "lab_014", "lab_014\lab_014.csproj", "{16CC415D-2808-4D3A-B967-095CBDA9CF67}"
EndProject
Global
	GlobalSection(SolutionConfigurationPlatforms) = preSolution
		Debug|Any CPU = Debug|Any CPU
		Release|Any CPU = Release|Any CPU
	EndGlobalSection
	GlobalSection(ProjectConfigurationPlatforms) = postSolution
		{81AA57C2-4DDD-4525-A73C-35CC7693D402}.Debug|Any CPU.ActiveCfg = Debug|Any CPU
		{81AA57C2-4DDD-4525-A73C-35CC7693D402}.Debug|Any CPU.Build.0 = Debug|Any CPU
		{81AA57C2-4DDD-4525-A73C-35CC7693D402}.Release|Any CPU.ActiveCfg = Release|Any CPU
		{81AA57C2-4DDD-4525-A73C-35CC7693D402}.Release|Any CPU.Build.0 = Release|Any CPU
		{99930985-C8DE-4791-86CC-A256E4999CF1}.Debug|Any CPU.ActiveCfg = Debug|Any CPU
		{99930985-C8DE-4791-86CC-A256E4999CF1}.Debug|Any CPU.Build.0 = Debug|Any CPU
		{99930985-C8DE-4791-86CC-A256E4999CF1}.Release|Any CPU.ActiveCfg = Release|Any CPU
		{99930985-C8DE-4791-86CC-A256E4999CF1}.Release|Any CPU.Build.0 = Release|Any CPU
		{0AB1D4C8-C112-474A-AED1-834B7A6F8035}.Debug|Any CPU.ActiveCfg = Debug|Any CPU
		{0AB1D4C8-C112-474A-AED1-834B7A6F8035}.Debug|Any CPU.Build.0 = Debug|Any CPU
		{0AB1D4C8-C112-474A-AED1-834B7A6F8035}.Release|Any CPU.ActiveCfg = Release|Any CPU
		{0AB1D4C8-C112-474A-AED1-834B7A6F8035}.Release|Any CPU.Build.0 = Release|Any CPU
		{61CF429D-14E1-4CD0-8E7F-11D8ECB2CE5B}.Debug|Any CPU.ActiveCfg = Debug|Any CPU
		{61CF429D-14E1-4CD0-8E7F-11D8ECB2CE5B}.Debug|Any CPU.Build.0 = Debug|Any CPU
		{61CF429D-14E1-4CD0-8E7F-11D8ECB2CE5B}.Release|Any CPU.ActiveCfg = Release|Any CPU
		{61CF429D-14E1-4CD0-8E7F-11D8ECB2CE5B}.Release|Any CPU.Build.0 = Release|Any CPU
		{1D86793F-EA85-457F-B327-EA9D07ED6AAA}.Debug|Any CPU.ActiveCfg = Debug|Any CPU
		{1D86793F-EA85-457F-B327-EA9D07ED6AAA}.Debug|Any CPU.Build.0 = Debug|Any CPU
		{1D86793F-EA85-457F-B327-EA9D07ED6AAA}.Release|Any CPU.ActiveCfg = Release|Any CPU
		{1D86793F-EA85-457F-B327-EA9D07ED6AAA}.Release|Any CPU.Build.0 = Release|Any CPU
		{F7463099-C7A8-4FC2-82C2-3B94F38BB848}.Debug|Any CPU.ActiveCfg = Debug|Any CPU
		{F7463099-C7A8-4FC2-82C2-3B94F38BB848}.Debug|Any CPU.Build.0 = Debug|Any CPU
		{F7463099-C7A8-4FC2-82C2-3B94F38BB848}.Release|Any CPU.ActiveCfg = Release|Any CPU
		{F7463099-C7A8-4FC2-82C2-3B94F38BB848}.Release|Any CPU.Build.0 = Release|Any CPU
		{3699B702-E6A2-4440-99A5-B91A266CE210}.Debug|Any CPU.ActiveCfg = Debug|Any CPU
		{3699B702-E6A2-4440-99A5-B91A266CE210}.Debug|Any CPU.Build.0 = Debug|Any CPU
		{3699B702-E6A2-4440-99A5-B91A266CE210}.Release|Any CPU.ActiveCfg = Release|Any CPU
		{3699B702-E6A2-4440-99A5-B91A266CE210}.Release|Any CPU.Build.0 = Release|Any CPU
		{624C46F2-60C3-4BF7-A08E-3CD87D5BF5AD}.Debug|Any CPU.ActiveCfg = Debug|Any CPU
		{624C46F2-60C3-4BF7-A08E-3CD87D5BF5AD}.Debug|Any CPU.Build.0 = Debug|Any CPU
		{624C46F2-60C3-4BF7-A08E-3CD87D5BF5AD}.Release|Any CPU.ActiveCfg = Release|Any CPU
		{624C46F2-60C3-4BF7-A08E-3CD87D5BF5AD}.Release|Any CPU.Build.0 = Release|Any CPU
		{2E8EDA8D-5FB8-4705-9D8A-8727A15C86B4}.Debug|Any CPU.ActiveCfg = Debug|Any CPU
		{2E8EDA8D-5FB8-4705-9D8A-8727A15C86B4}.Debug|Any CPU.Build.0 = Debug|Any CPU
		{2E8EDA8D-5FB8-4705-9D8A-8727A15C86B4}.Release|Any CPU.ActiveCfg = Release|Any CPU
		{2E8EDA8D-5FB8-4705-9D8A-8727A15C86B4}.Release|Any CPU.Build.0 = Release|Any CPU
		{DCEDD52E-8E61-4C64-BB48-D5968B528B9B}.Debug|Any CPU.ActiveCfg = Debug|Any CPU
		{DCEDD52E-8E61-4C64-BB48-D5968B528B9B}.Debug|Any CPU.Build.0 = Debug|Any CPU
		{DCEDD52E-8E61-4C64-BB48-D5968B528B9B}.Release|Any CPU.ActiveCfg = Release|Any CPU
		{DCEDD52E-8E61-4C64-BB48-D5968B528B9B}.Release|Any CPU.Build.0 = Release|Any CPU
		{9BD34976-8534-40A2-BF55-5695BD54CD7E}.Debug|Any CPU.ActiveCfg = Debug|Any CPU
		{9BD34976-8534-40A2-BF55-5695BD54CD7E}.Debug|Any CPU.Build.0 = Debug|Any CPU
		{9BD34976-8534-40A2-BF55-5695BD54CD7E}.Release|Any CPU.ActiveCfg = Release|Any CPU
		{9BD34976-8534-40A2-BF55-5695BD54CD7E}.Release|Any CPU.Build.0 = Release|Any CPU
		{0F2A5864-E38A-4B00-8387-06CB732D575B}.Debug|Any CPU.ActiveCfg = Debug|Any CPU
		{0F2A5864-E38A-4B00-8387-06CB732D575B}.Debug|Any CPU.Build.0 = Debug|Any CPU
		{0F2A5864-E38A-4B00-8387-06CB732D575B}.Release|Any CPU.ActiveCfg = Release|Any CPU
		{0F2A5864-E38A-4B00-8387-06CB732D575B}.Release|Any CPU.Build.0 = Release|Any CPU
		{E0663D4D-6A93-4E87-ACD0-6AEB28ED49CD}.Debug|Any CPU.ActiveCfg = Debug|Any CPU
		{E0663D4D-6A93-4E87-ACD0-6AEB28ED49CD}.Debug|Any CPU.Build.0 = Debug|Any CPU
		{E0663D4D-6A93-4E87-ACD0-6AEB28ED49CD}.Release|Any CPU.ActiveCfg = Release|Any CPU
		{E0663D4D-6A93-4E87-ACD0-6AEB28ED49CD}.Release|Any CPU.Build.0 = Release|Any CPU
		{16CC415D-2808-4D3A-B967-095CBDA9CF67}.Debug|Any CPU.ActiveCfg = Debug|Any CPU
		{16CC415D-2808-4D3A-B967-095CBDA9CF67}.Debug|Any CPU.Build.0 = Debug|Any CPU
		{16CC415D-2808-4D3A-B967-095CBDA9CF67}.Release|Any CPU.ActiveCfg = Release|Any CPU
		{16CC415D-2808-4D3A-B967-095CBDA9CF67}.Release|Any CPU.Build.0 = Release|Any CPU
	EndGlobalSection
	GlobalSection(SolutionProperties) = preSolution
		HideSolutionNode = FALSE
	EndGlobalSection
	GlobalSection(ExtensibilityGlobals) = postSolution
		SolutionGuid = {4CB74C9F-4B27-4B07-BB9F-224BF6D37C8C}
	EndGlobalSection
EndGlobal
