
Microsoft Visual Studio Solution File, Format Version 12.00
# Visual Studio Version 16
VisualStudioVersion = 16.0.30804.86
MinimumVisualStudioVersion = 10.0.40219.1
Project("{FAE04EC0-301F-11D3-BF4B-00C04F79EFBC}") = "lab_001", "lab_001\lab_001.csproj", "{81AA57C2-4DDD-4525-A73C-35CC7693D402}"
EndProject
Project("{FAE04EC0-301F-11D3-BF4B-00C04F79EFBC}") = "lab_002", "lab_002\lab_002.csproj", "{99930985-C8DE-4791-86CC-A256E4999CF1}"
EndProject
Project("{FAE04EC0-301F-11D3-BF4B-00C04F79EFBC}") = "lab_003", "lab_003\lab_003.csproj", "{0AB1D4C8-C112-474A-AED1-834B7A6F8035}"
EndProject
Project("{FAE04EC0-301F-11D3-BF4B-00C04F79EFBC}") = "lab_004", "lab_004\lab_004.csproj", "{61CF429D-14E1-4CD0-8E7F-11D8ECB2CE5B}"
EndProject
Project("{FAE04EC0-301F-11D3-BF4B-00C04F79EFBC}") = "lab_005", "lab_005\lab_005.csproj", "{1D86793F-EA85-457F-B327-EA9D07ED6AAA}"
EndProject
Project("{FAE04EC0-301F-11D3-BF4B-00C04F79EFBC}") = "lab_006", "lab_006\lab_006.csproj", "{F7463099-C7A8-4FC2-82C2-3B94F38BB848}"
EndProject
Project("{FAE04EC0-301F-11D3-BF4B-00C04F79EFBC}") = "lab_007", "lab_007\lab_007.csproj", "{3699B702-E6A2-4440-99A5-B91A266CE210}"
EndProject
Project("{FAE04EC0-301F-11D3-BF4B-00C04F79EFBC}") = "lab_008", "lab_008\lab_008.csproj", "{624C46F2-60C3-4BF7-A08E-3CD87D5BF5AD}"
EndProject
Project("{FAE04EC0-301F-11D3-BF4B-00C04F79EFBC}") = "lab_009", "lab_009\lab_009.csproj", "{2E8EDA8D-5FB8-4705-9D8A-8727A15C86B4}"
EndProject
Project("{FAE04EC0-301F-11D3-BF4B-00C04F79EFBC}") = "lab_010", "lab_010\lab_010.csproj", "{DCEDD52E-8E61-4C64-BB48-D5968B528B9B}"
EndProject
Project("{FAE04EC0-301F-11D3-BF4B-00C04F79EFBC}") = "lab_011", "lab_011\lab_011.csproj", "{9BD34976-8534-40A2-BF55-5695BD54CD7E}"
EndProject
Project("{FAE04EC0-301F-11D3-BF4B-00C04F79EFBC}") = "lab_012", "lab_012\lab_012.csproj", "{0F2A5864-E38A-4B00-8387-06CB732D575B}"
EndProject
Project("{FAE04EC0-301F-11D3-BF4B-00C04F79EFBC}") = "lab_013", "lab_013\lab_013.csproj", "{E0663D4D-6A93-4E87-ACD0-6AEB28ED49CD}"
EndProject
Project("{FAE04EC0-301F-11D3-BF4B-00C04F79EFBC}") = "lab_014", "lab_014\lab_014.csproj", "{16CC415D-2808-4D3A-B967-095CBDA9CF67}"
EndProject
Project("{FAE04EC0-301F-11D3-BF4B-00C04F79EFBC}") = "lab_015", "lab_015\lab_015.csproj", "{114147E5-534E-4226-85C4-78F9EEA49DE3}"
EndProject
Project("{FAE04EC0-301F-11D3-BF4B-00C04F79EFBC}") = "lab_016", "lab_016\lab_016.csproj", "{0DDB872C-9143-486F-A005-8DD9A43C47A5}"
EndProject
Project("{FAE04EC0-301F-11D3-BF4B-00C04F79EFBC}") = "lab_017", "lab_017\lab_017.csproj", "{6A8D6820-B95D-4C56-8B86-AE556BB750D1}"
EndProject
Project("{FAE04EC0-301F-11D3-BF4B-00C04F79EFBC}") = "lab_018", "lab_018\lab_018.csproj", "{8B416EC6-1007-405D-B064-D220256E6B7F}"
EndProject
Project("{FAE04EC0-301F-11D3-BF4B-00C04F79EFBC}") = "lab_019", "lab_019\lab_019.csproj", "{B0725B99-E36B-4C7B-AE06-AC69B1FE2EAF}"
EndProject
Project("{FAE04EC0-301F-11D3-BF4B-00C04F79EFBC}") = "lab_020", "lab_020\lab_020.csproj", "{CFC3A88E-317F-42CC-AE09-67293F75932E}"
EndProject
Project("{FAE04EC0-301F-11D3-BF4B-00C04F79EFBC}") = "lab_021", "lab_021\lab_021.csproj", "{EC94CEA0-B20F-40DF-A066-B8AC931A086F}"
EndProject
Project("{FAE04EC0-301F-11D3-BF4B-00C04F79EFBC}") = "lab_022", "lab_022\lab_022.csproj", "{345AC66D-CC82-4785-A8FA-3D83BCF6E929}"
EndProject
Project("{FAE04EC0-301F-11D3-BF4B-00C04F79EFBC}") = "lab_023", "lab_023\lab_023.csproj", "{107CDD22-DEF5-452D-8F6E-0A78D8CED399}"
EndProject
Project("{FAE04EC0-301F-11D3-BF4B-00C04F79EFBC}") = "lab_024", "lab_024\lab_024.csproj", "{D4A6A5EE-AA56-44A9-B8DE-3F4407D06328}"
EndProject
Project("{FAE04EC0-301F-11D3-BF4B-00C04F79EFBC}") = "lab_025", "lab_025\lab_025.csproj", "{58FBCFE8-5330-40F5-9ED6-494E5F051961}"
EndProject
Project("{FAE04EC0-301F-11D3-BF4B-00C04F79EFBC}") = "lab_026", "lab_026\lab_026.csproj", "{C23E0911-45F6-4E76-800A-87032755364E}"
EndProject
Project("{FAE04EC0-301F-11D3-BF4B-00C04F79EFBC}") = "lab_027", "lab_027\lab_027.csproj", "{78D65AD6-9EBC-4640-9553-86ABE8A2F525}"
EndProject
Project("{FAE04EC0-301F-11D3-BF4B-00C04F79EFBC}") = "lab_028", "lab_028\lab_028.csproj", "{AA7AC0F9-071A-42DD-AD93-CF00EF1AAFE2}"
EndProject
Project("{FAE04EC0-301F-11D3-BF4B-00C04F79EFBC}") = "lab_029", "lab_029\lab_029.csproj", "{9432896F-3976-4D56-B6A1-3349DC7FB162}"
EndProject
Project("{FAE04EC0-301F-11D3-BF4B-00C04F79EFBC}") = "lab_030", "lab_030\lab_030.csproj", "{B45C6788-F40D-48FF-B95D-E25A47B82917}"
EndProject
Project("{FAE04EC0-301F-11D3-BF4B-00C04F79EFBC}") = "lab_031", "lab_031\lab_031.csproj", "{DB5C5A95-A3E2-4448-B76F-2FAFC4485945}"
EndProject
Project("{FAE04EC0-301F-11D3-BF4B-00C04F79EFBC}") = "lab_032", "lab_032\lab_032.csproj", "{DD0B82AA-7A23-4CBF-8932-4950700D1050}"
EndProject
Project("{FAE04EC0-301F-11D3-BF4B-00C04F79EFBC}") = "lab_033", "lab_033\lab_033.csproj", "{C132B610-3C58-493B-B21D-C7CE280121F5}"
EndProject
Project("{FAE04EC0-301F-11D3-BF4B-00C04F79EFBC}") = "lab_034", "lab_034\lab_034.csproj", "{F248CFA8-8FC9-40DE-919F-119B0C13C8C8}"
EndProject
Project("{FAE04EC0-301F-11D3-BF4B-00C04F79EFBC}") = "lab_035", "lab_035\lab_035.csproj", "{84D28930-DF07-4FCE-9374-90FE27DEB2BE}"
EndProject
Global
	GlobalSection(SolutionConfigurationPlatforms) = preSolution
		Debug|Any CPU = Debug|Any CPU
		Release|Any CPU = Release|Any CPU
	EndGlobalSection
	GlobalSection(ProjectConfigurationPlatforms) = postSolution
		{81AA57C2-4DDD-4525-A73C-35CC7693D402}.Debug|Any CPU.ActiveCfg = Debug|Any CPU
		{81AA57C2-4DDD-4525-A73C-35CC7693D402}.Debug|Any CPU.Build.0 = Debug|Any CPU
		{81AA57C2-4DDD-4525-A73C-35CC7693D402}.Release|Any CPU.ActiveCfg = Release|Any CPU
		{81AA57C2-4DDD-4525-A73C-35CC7693D402}.Release|Any CPU.Build.0 = Release|Any CPU
		{99930985-C8DE-4791-86CC-A256E4999CF1}.Debug|Any CPU.ActiveCfg = Debug|Any CPU
		{99930985-C8DE-4791-86CC-A256E4999CF1}.Debug|Any CPU.Build.0 = Debug|Any CPU
		{99930985-C8DE-4791-86CC-A256E4999CF1}.Release|Any CPU.ActiveCfg = Release|Any CPU
		{99930985-C8DE-4791-86CC-A256E4999CF1}.Release|Any CPU.Build.0 = Release|Any CPU
		{0AB1D4C8-C112-474A-AED1-834B7A6F8035}.Debug|Any CPU.ActiveCfg = Debug|Any CPU
		{0AB1D4C8-C112-474A-AED1-834B7A6F8035}.Debug|Any CPU.Build.0 = Debug|Any CPU
		{0AB1D4C8-C112-474A-AED1-834B7A6F8035}.Release|Any CPU.ActiveCfg = Release|Any CPU
		{0AB1D4C8-C112-474A-AED1-834B7A6F8035}.Release|Any CPU.Build.0 = Release|Any CPU
		{61CF429D-14E1-4CD0-8E7F-11D8ECB2CE5B}.Debug|Any CPU.ActiveCfg = Debug|Any CPU
		{61CF429D-14E1-4CD0-8E7F-11D8ECB2CE5B}.Debug|Any CPU.Build.0 = Debug|Any CPU
		{61CF429D-14E1-4CD0-8E7F-11D8ECB2CE5B}.Release|Any CPU.ActiveCfg = Release|Any CPU
		{61CF429D-14E1-4CD0-8E7F-11D8ECB2CE5B}.Release|Any CPU.Build.0 = Release|Any CPU
		{1D86793F-EA85-457F-B327-EA9D07ED6AAA}.Debug|Any CPU.ActiveCfg = Debug|Any CPU
		{1D86793F-EA85-457F-B327-EA9D07ED6AAA}.Debug|Any CPU.Build.0 = Debug|Any CPU
		{1D86793F-EA85-457F-B327-EA9D07ED6AAA}.Release|Any CPU.ActiveCfg = Release|Any CPU
		{1D86793F-EA85-457F-B327-EA9D07ED6AAA}.Release|Any CPU.Build.0 = Release|Any CPU
		{F7463099-C7A8-4FC2-82C2-3B94F38BB848}.Debug|Any CPU.ActiveCfg = Debug|Any CPU
		{F7463099-C7A8-4FC2-82C2-3B94F38BB848}.Debug|Any CPU.Build.0 = Debug|Any CPU
		{F7463099-C7A8-4FC2-82C2-3B94F38BB848}.Release|Any CPU.ActiveCfg = Release|Any CPU
		{F7463099-C7A8-4FC2-82C2-3B94F38BB848}.Release|Any CPU.Build.0 = Release|Any CPU
		{3699B702-E6A2-4440-99A5-B91A266CE210}.Debug|Any CPU.ActiveCfg = Debug|Any CPU
		{3699B702-E6A2-4440-99A5-B91A266CE210}.Debug|Any CPU.Build.0 = Debug|Any CPU
		{3699B702-E6A2-4440-99A5-B91A266CE210}.Release|Any CPU.ActiveCfg = Release|Any CPU
		{3699B702-E6A2-4440-99A5-B91A266CE210}.Release|Any CPU.Build.0 = Release|Any CPU
		{624C46F2-60C3-4BF7-A08E-3CD87D5BF5AD}.Debug|Any CPU.ActiveCfg = Debug|Any CPU
		{624C46F2-60C3-4BF7-A08E-3CD87D5BF5AD}.Debug|Any CPU.Build.0 = Debug|Any CPU
		{624C46F2-60C3-4BF7-A08E-3CD87D5BF5AD}.Release|Any CPU.ActiveCfg = Release|Any CPU
		{624C46F2-60C3-4BF7-A08E-3CD87D5BF5AD}.Release|Any CPU.Build.0 = Release|Any CPU
		{2E8EDA8D-5FB8-4705-9D8A-8727A15C86B4}.Debug|Any CPU.ActiveCfg = Debug|Any CPU
		{2E8EDA8D-5FB8-4705-9D8A-8727A15C86B4}.Debug|Any CPU.Build.0 = Debug|Any CPU
		{2E8EDA8D-5FB8-4705-9D8A-8727A15C86B4}.Release|Any CPU.ActiveCfg = Release|Any CPU
		{2E8EDA8D-5FB8-4705-9D8A-8727A15C86B4}.Release|Any CPU.Build.0 = Release|Any CPU
		{DCEDD52E-8E61-4C64-BB48-D5968B528B9B}.Debug|Any CPU.ActiveCfg = Debug|Any CPU
		{DCEDD52E-8E61-4C64-BB48-D5968B528B9B}.Debug|Any CPU.Build.0 = Debug|Any CPU
		{DCEDD52E-8E61-4C64-BB48-D5968B528B9B}.Release|Any CPU.ActiveCfg = Release|Any CPU
		{DCEDD52E-8E61-4C64-BB48-D5968B528B9B}.Release|Any CPU.Build.0 = Release|Any CPU
		{9BD34976-8534-40A2-BF55-5695BD54CD7E}.Debug|Any CPU.ActiveCfg = Debug|Any CPU
		{9BD34976-8534-40A2-BF55-5695BD54CD7E}.Debug|Any CPU.Build.0 = Debug|Any CPU
		{9BD34976-8534-40A2-BF55-5695BD54CD7E}.Release|Any CPU.ActiveCfg = Release|Any CPU
		{9BD34976-8534-40A2-BF55-5695BD54CD7E}.Release|Any CPU.Build.0 = Release|Any CPU
		{0F2A5864-E38A-4B00-8387-06CB732D575B}.Debug|Any CPU.ActiveCfg = Debug|Any CPU
		{0F2A5864-E38A-4B00-8387-06CB732D575B}.Debug|Any CPU.Build.0 = Debug|Any CPU
		{0F2A5864-E38A-4B00-8387-06CB732D575B}.Release|Any CPU.ActiveCfg = Release|Any CPU
		{0F2A5864-E38A-4B00-8387-06CB732D575B}.Release|Any CPU.Build.0 = Release|Any CPU
		{E0663D4D-6A93-4E87-ACD0-6AEB28ED49CD}.Debug|Any CPU.ActiveCfg = Debug|Any CPU
		{E0663D4D-6A93-4E87-ACD0-6AEB28ED49CD}.Debug|Any CPU.Build.0 = Debug|Any CPU
		{E0663D4D-6A93-4E87-ACD0-6AEB28ED49CD}.Release|Any CPU.ActiveCfg = Release|Any CPU
		{E0663D4D-6A93-4E87-ACD0-6AEB28ED49CD}.Release|Any CPU.Build.0 = Release|Any CPU
		{16CC415D-2808-4D3A-B967-095CBDA9CF67}.Debug|Any CPU.ActiveCfg = Debug|Any CPU
		{16CC415D-2808-4D3A-B967-095CBDA9CF67}.Debug|Any CPU.Build.0 = Debug|Any CPU
		{16CC415D-2808-4D3A-B967-095CBDA9CF67}.Release|Any CPU.ActiveCfg = Release|Any CPU
		{16CC415D-2808-4D3A-B967-095CBDA9CF67}.Release|Any CPU.Build.0 = Release|Any CPU
		{114147E5-534E-4226-85C4-78F9EEA49DE3}.Debug|Any CPU.ActiveCfg = Debug|Any CPU
		{114147E5-534E-4226-85C4-78F9EEA49DE3}.Debug|Any CPU.Build.0 = Debug|Any CPU
		{114147E5-534E-4226-85C4-78F9EEA49DE3}.Release|Any CPU.ActiveCfg = Release|Any CPU
		{114147E5-534E-4226-85C4-78F9EEA49DE3}.Release|Any CPU.Build.0 = Release|Any CPU
		{0DDB872C-9143-486F-A005-8DD9A43C47A5}.Debug|Any CPU.ActiveCfg = Debug|Any CPU
		{0DDB872C-9143-486F-A005-8DD9A43C47A5}.Debug|Any CPU.Build.0 = Debug|Any CPU
		{0DDB872C-9143-486F-A005-8DD9A43C47A5}.Release|Any CPU.ActiveCfg = Release|Any CPU
		{0DDB872C-9143-486F-A005-8DD9A43C47A5}.Release|Any CPU.Build.0 = Release|Any CPU
		{6A8D6820-B95D-4C56-8B86-AE556BB750D1}.Debug|Any CPU.ActiveCfg = Debug|Any CPU
		{6A8D6820-B95D-4C56-8B86-AE556BB750D1}.Debug|Any CPU.Build.0 = Debug|Any CPU
		{6A8D6820-B95D-4C56-8B86-AE556BB750D1}.Release|Any CPU.ActiveCfg = Release|Any CPU
		{6A8D6820-B95D-4C56-8B86-AE556BB750D1}.Release|Any CPU.Build.0 = Release|Any CPU
		{8B416EC6-1007-405D-B064-D220256E6B7F}.Debug|Any CPU.ActiveCfg = Debug|Any CPU
		{8B416EC6-1007-405D-B064-D220256E6B7F}.Debug|Any CPU.Build.0 = Debug|Any CPU
		{8B416EC6-1007-405D-B064-D220256E6B7F}.Release|Any CPU.ActiveCfg = Release|Any CPU
		{8B416EC6-1007-405D-B064-D220256E6B7F}.Release|Any CPU.Build.0 = Release|Any CPU
		{B0725B99-E36B-4C7B-AE06-AC69B1FE2EAF}.Debug|Any CPU.ActiveCfg = Debug|Any CPU
		{B0725B99-E36B-4C7B-AE06-AC69B1FE2EAF}.Debug|Any CPU.Build.0 = Debug|Any CPU
		{B0725B99-E36B-4C7B-AE06-AC69B1FE2EAF}.Release|Any CPU.ActiveCfg = Release|Any CPU
		{B0725B99-E36B-4C7B-AE06-AC69B1FE2EAF}.Release|Any CPU.Build.0 = Release|Any CPU
		{CFC3A88E-317F-42CC-AE09-67293F75932E}.Debug|Any CPU.ActiveCfg = Debug|Any CPU
		{CFC3A88E-317F-42CC-AE09-67293F75932E}.Debug|Any CPU.Build.0 = Debug|Any CPU
		{CFC3A88E-317F-42CC-AE09-67293F75932E}.Release|Any CPU.ActiveCfg = Release|Any CPU
		{CFC3A88E-317F-42CC-AE09-67293F75932E}.Release|Any CPU.Build.0 = Release|Any CPU
		{EC94CEA0-B20F-40DF-A066-B8AC931A086F}.Debug|Any CPU.ActiveCfg = Debug|Any CPU
		{EC94CEA0-B20F-40DF-A066-B8AC931A086F}.Debug|Any CPU.Build.0 = Debug|Any CPU
		{EC94CEA0-B20F-40DF-A066-B8AC931A086F}.Release|Any CPU.ActiveCfg = Release|Any CPU
		{EC94CEA0-B20F-40DF-A066-B8AC931A086F}.Release|Any CPU.Build.0 = Release|Any CPU
		{345AC66D-CC82-4785-A8FA-3D83BCF6E929}.Debug|Any CPU.ActiveCfg = Debug|Any CPU
		{345AC66D-CC82-4785-A8FA-3D83BCF6E929}.Debug|Any CPU.Build.0 = Debug|Any CPU
		{345AC66D-CC82-4785-A8FA-3D83BCF6E929}.Release|Any CPU.ActiveCfg = Release|Any CPU
		{345AC66D-CC82-4785-A8FA-3D83BCF6E929}.Release|Any CPU.Build.0 = Release|Any CPU
		{107CDD22-DEF5-452D-8F6E-0A78D8CED399}.Debug|Any CPU.ActiveCfg = Debug|Any CPU
		{107CDD22-DEF5-452D-8F6E-0A78D8CED399}.Debug|Any CPU.Build.0 = Debug|Any CPU
		{107CDD22-DEF5-452D-8F6E-0A78D8CED399}.Release|Any CPU.ActiveCfg = Release|Any CPU
		{107CDD22-DEF5-452D-8F6E-0A78D8CED399}.Release|Any CPU.Build.0 = Release|Any CPU
		{D4A6A5EE-AA56-44A9-B8DE-3F4407D06328}.Debug|Any CPU.ActiveCfg = Debug|Any CPU
		{D4A6A5EE-AA56-44A9-B8DE-3F4407D06328}.Debug|Any CPU.Build.0 = Debug|Any CPU
		{D4A6A5EE-AA56-44A9-B8DE-3F4407D06328}.Release|Any CPU.ActiveCfg = Release|Any CPU
		{D4A6A5EE-AA56-44A9-B8DE-3F4407D06328}.Release|Any CPU.Build.0 = Release|Any CPU
		{58FBCFE8-5330-40F5-9ED6-494E5F051961}.Debug|Any CPU.ActiveCfg = Debug|Any CPU
		{58FBCFE8-5330-40F5-9ED6-494E5F051961}.Debug|Any CPU.Build.0 = Debug|Any CPU
		{58FBCFE8-5330-40F5-9ED6-494E5F051961}.Release|Any CPU.ActiveCfg = Release|Any CPU
		{58FBCFE8-5330-40F5-9ED6-494E5F051961}.Release|Any CPU.Build.0 = Release|Any CPU
		{C23E0911-45F6-4E76-800A-87032755364E}.Debug|Any CPU.ActiveCfg = Debug|Any CPU
		{C23E0911-45F6-4E76-800A-87032755364E}.Debug|Any CPU.Build.0 = Debug|Any CPU
		{C23E0911-45F6-4E76-800A-87032755364E}.Release|Any CPU.ActiveCfg = Release|Any CPU
		{C23E0911-45F6-4E76-800A-87032755364E}.Release|Any CPU.Build.0 = Release|Any CPU
		{78D65AD6-9EBC-4640-9553-86ABE8A2F525}.Debug|Any CPU.ActiveCfg = Debug|Any CPU
		{78D65AD6-9EBC-4640-9553-86ABE8A2F525}.Debug|Any CPU.Build.0 = Debug|Any CPU
		{78D65AD6-9EBC-4640-9553-86ABE8A2F525}.Release|Any CPU.ActiveCfg = Release|Any CPU
		{78D65AD6-9EBC-4640-9553-86ABE8A2F525}.Release|Any CPU.Build.0 = Release|Any CPU
		{AA7AC0F9-071A-42DD-AD93-CF00EF1AAFE2}.Debug|Any CPU.ActiveCfg = Debug|Any CPU
		{AA7AC0F9-071A-42DD-AD93-CF00EF1AAFE2}.Debug|Any CPU.Build.0 = Debug|Any CPU
		{AA7AC0F9-071A-42DD-AD93-CF00EF1AAFE2}.Release|Any CPU.ActiveCfg = Release|Any CPU
		{AA7AC0F9-071A-42DD-AD93-CF00EF1AAFE2}.Release|Any CPU.Build.0 = Release|Any CPU
		{9432896F-3976-4D56-B6A1-3349DC7FB162}.Debug|Any CPU.ActiveCfg = Debug|Any CPU
		{9432896F-3976-4D56-B6A1-3349DC7FB162}.Debug|Any CPU.Build.0 = Debug|Any CPU
		{9432896F-3976-4D56-B6A1-3349DC7FB162}.Release|Any CPU.ActiveCfg = Release|Any CPU
		{9432896F-3976-4D56-B6A1-3349DC7FB162}.Release|Any CPU.Build.0 = Release|Any CPU
		{B45C6788-F40D-48FF-B95D-E25A47B82917}.Debug|Any CPU.ActiveCfg = Debug|Any CPU
		{B45C6788-F40D-48FF-B95D-E25A47B82917}.Debug|Any CPU.Build.0 = Debug|Any CPU
		{B45C6788-F40D-48FF-B95D-E25A47B82917}.Release|Any CPU.ActiveCfg = Release|Any CPU
		{B45C6788-F40D-48FF-B95D-E25A47B82917}.Release|Any CPU.Build.0 = Release|Any CPU
		{DB5C5A95-A3E2-4448-B76F-2FAFC4485945}.Debug|Any CPU.ActiveCfg = Debug|Any CPU
		{DB5C5A95-A3E2-4448-B76F-2FAFC4485945}.Debug|Any CPU.Build.0 = Debug|Any CPU
		{DB5C5A95-A3E2-4448-B76F-2FAFC4485945}.Release|Any CPU.ActiveCfg = Release|Any CPU
		{DB5C5A95-A3E2-4448-B76F-2FAFC4485945}.Release|Any CPU.Build.0 = Release|Any CPU
		{DD0B82AA-7A23-4CBF-8932-4950700D1050}.Debug|Any CPU.ActiveCfg = Debug|Any CPU
		{DD0B82AA-7A23-4CBF-8932-4950700D1050}.Debug|Any CPU.Build.0 = Debug|Any CPU
		{DD0B82AA-7A23-4CBF-8932-4950700D1050}.Release|Any CPU.ActiveCfg = Release|Any CPU
		{DD0B82AA-7A23-4CBF-8932-4950700D1050}.Release|Any CPU.Build.0 = Release|Any CPU
		{C132B610-3C58-493B-B21D-C7CE280121F5}.Debug|Any CPU.ActiveCfg = Debug|Any CPU
		{C132B610-3C58-493B-B21D-C7CE280121F5}.Debug|Any CPU.Build.0 = Debug|Any CPU
		{C132B610-3C58-493B-B21D-C7CE280121F5}.Release|Any CPU.ActiveCfg = Release|Any CPU
		{C132B610-3C58-493B-B21D-C7CE280121F5}.Release|Any CPU.Build.0 = Release|Any CPU
		{F248CFA8-8FC9-40DE-919F-119B0C13C8C8}.Debug|Any CPU.ActiveCfg = Debug|Any CPU
		{F248CFA8-8FC9-40DE-919F-119B0C13C8C8}.Debug|Any CPU.Build.0 = Debug|Any CPU
		{F248CFA8-8FC9-40DE-919F-119B0C13C8C8}.Release|Any CPU.ActiveCfg = Release|Any CPU
		{F248CFA8-8FC9-40DE-919F-119B0C13C8C8}.Release|Any CPU.Build.0 = Release|Any CPU
		{84D28930-DF07-4FCE-9374-90FE27DEB2BE}.Debug|Any CPU.ActiveCfg = Debug|Any CPU
		{84D28930-DF07-4FCE-9374-90FE27DEB2BE}.Debug|Any CPU.Build.0 = Debug|Any CPU
		{84D28930-DF07-4FCE-9374-90FE27DEB2BE}.Release|Any CPU.ActiveCfg = Release|Any CPU
		{84D28930-DF07-4FCE-9374-90FE27DEB2BE}.Release|Any CPU.Build.0 = Release|Any CPU
	EndGlobalSection
	GlobalSection(SolutionProperties) = preSolution
		HideSolutionNode = FALSE
	EndGlobalSection
	GlobalSection(ExtensibilityGlobals) = postSolution
		SolutionGuid = {4CB74C9F-4B27-4B07-BB9F-224BF6D37C8C}
	EndGlobalSection
EndGlobal
